
Microsoft Visual Studio Solution File, Format Version 10.00
# Visual C# Express 2008
Project("{FAE04EC0-301F-11D3-BF4B-00C04F79EFBC}") = "Aubergine", "Aubergine\Aubergine.csproj", "{3E4E80B8-E76E-4FBD-B900-A787512CEBC4}"
EndProject
Project("{FAE04EC0-301F-11D3-BF4B-00C04F79EFBC}") = "Aubergine.ConsoleRunner", "Aubergine.ConsoleRunner\Aubergine.ConsoleRunner.csproj", "{D7B364CB-34B3-4B10-88B7-DFC978302EF3}"
EndProject
Project("{FAE04EC0-301F-11D3-BF4B-00C04F79EFBC}") = "Aubergine.NUnit", "Aubergine.NUnit\Aubergine.NUnit.csproj", "{002F2BC4-767F-432D-8B8D-0AE1ACBDBC78}"
EndProject
Project("{FAE04EC0-301F-11D3-BF4B-00C04F79EFBC}") = "Aubergine.Tests", "Aubergine.Tests\Aubergine.Tests.csproj", "{47B2382C-6533-499E-A1E1-1B53BEDEE7AB}"
EndProject
Global
	GlobalSection(SolutionConfigurationPlatforms) = preSolution
		Debug|Any CPU = Debug|Any CPU
		Release|Any CPU = Release|Any CPU
	EndGlobalSection
	GlobalSection(ProjectConfigurationPlatforms) = postSolution
		{3E4E80B8-E76E-4FBD-B900-A787512CEBC4}.Debug|Any CPU.ActiveCfg = Debug|Any CPU
		{3E4E80B8-E76E-4FBD-B900-A787512CEBC4}.Debug|Any CPU.Build.0 = Debug|Any CPU
		{3E4E80B8-E76E-4FBD-B900-A787512CEBC4}.Release|Any CPU.ActiveCfg = Release|Any CPU
		{3E4E80B8-E76E-4FBD-B900-A787512CEBC4}.Release|Any CPU.Build.0 = Release|Any CPU
		{D7B364CB-34B3-4B10-88B7-DFC978302EF3}.Debug|Any CPU.ActiveCfg = Debug|Any CPU
		{D7B364CB-34B3-4B10-88B7-DFC978302EF3}.Debug|Any CPU.Build.0 = Debug|Any CPU
		{D7B364CB-34B3-4B10-88B7-DFC978302EF3}.Release|Any CPU.ActiveCfg = Release|Any CPU
		{D7B364CB-34B3-4B10-88B7-DFC978302EF3}.Release|Any CPU.Build.0 = Release|Any CPU
		{002F2BC4-767F-432D-8B8D-0AE1ACBDBC78}.Debug|Any CPU.ActiveCfg = Debug|x86
		{002F2BC4-767F-432D-8B8D-0AE1ACBDBC78}.Debug|Any CPU.Build.0 = Debug|x86
		{002F2BC4-767F-432D-8B8D-0AE1ACBDBC78}.Release|Any CPU.ActiveCfg = Release|x86
		{002F2BC4-767F-432D-8B8D-0AE1ACBDBC78}.Release|Any CPU.Build.0 = Release|x86
		{47B2382C-6533-499E-A1E1-1B53BEDEE7AB}.Debug|Any CPU.ActiveCfg = Debug|Any CPU
		{47B2382C-6533-499E-A1E1-1B53BEDEE7AB}.Debug|Any CPU.Build.0 = Debug|Any CPU
		{47B2382C-6533-499E-A1E1-1B53BEDEE7AB}.Release|Any CPU.ActiveCfg = Release|Any CPU
		{47B2382C-6533-499E-A1E1-1B53BEDEE7AB}.Release|Any CPU.Build.0 = Release|Any CPU
	EndGlobalSection
	GlobalSection(SolutionProperties) = preSolution
		HideSolutionNode = FALSE
	EndGlobalSection
EndGlobal
